
Microsoft Visual Studio Solution File, Format Version 12.00
# Visual Studio Version 17
VisualStudioVersion = 17.8.34408.163
MinimumVisualStudioVersion = 10.0.40219.1
Project("{FAE04EC0-301F-11D3-BF4B-00C04F79EFBC}") = "Asssignment 3", "Asssignment 3\Asssignment 3.csproj", "{B86FC560-8684-43CD-BA94-4422E5C8A554}"
EndProject
Global
	GlobalSection(SolutionConfigurationPlatforms) = preSolution
		Debug|Any CPU = Debug|Any CPU
		Release|Any CPU = Release|Any CPU
	EndGlobalSection
	GlobalSection(ProjectConfigurationPlatforms) = postSolution
		{B86FC560-8684-43CD-BA94-4422E5C8A554}.Debug|Any CPU.ActiveCfg = Debug|Any CPU
		{B86FC560-8684-43CD-BA94-4422E5C8A554}.Debug|Any CPU.Build.0 = Debug|Any CPU
		{B86FC560-8684-43CD-BA94-4422E5C8A554}.Release|Any CPU.ActiveCfg = Release|Any CPU
		{B86FC560-8684-43CD-BA94-4422E5C8A554}.Release|Any CPU.Build.0 = Release|Any CPU
	EndGlobalSection
	GlobalSection(SolutionProperties) = preSolution
		HideSolutionNode = FALSE
	EndGlobalSection
	GlobalSection(ExtensibilityGlobals) = postSolution
		SolutionGuid = {65D91B2D-4424-421F-B412-1094DEB91C92}
	EndGlobalSection
EndGlobal
